PODS:
  - facebook_event (0.0.1):
    - FBSDKCoreKit (~> 8.2.0)
    - Flutter
  - FBSDKCoreKit (8.2.0):
    - FBSDKCoreKit/Basics (= 8.2.0)
    - FBSDKCoreKit/Core (= 8.2.0)
  - FBSDKCoreKit/Basics (8.2.0)
  - FBSDKCoreKit/Core (8.2.0):
    - FBSDKCoreKit/Basics
  - Flutter (1.0.0)

DEPENDENCIES:
  - facebook_event (from `.symlinks/plugins/facebook_event/ios`)
  - Flutter (from `Flutter`)

SPEC REPOS:
  trunk:
    - FBSDKCoreKit

EXTERNAL SOURCES:
  facebook_event:
    :path: ".symlinks/plugins/facebook_event/ios"
  Flutter:
    :path: Flutter

SPEC CHECKSUMS:
  facebook_event: 96d4f349ba49e5a8fb515d809bdd5c4246825c1d
  FBSDKCoreKit: 4afd6ff53d8133a433dbcda44451c9498f8c6ce4
  Flutter: 0e3d915762c693b495b44d77113d4970485de6ec

PODFILE CHECKSUM: 7136559af4849287e146df84e3e3fc3f28667f92

COCOAPODS: 1.10.0
